<?xml version="1.0" encoding="utf-8"?>
<Project ToolsVersion="4.0" xmlns="http://schemas.microsoft.com/developer/msbuild/2003">
  <ItemGroup>
    <Filter Include="source%28%2a.c%29">
      <UniqueIdentifier>{138b866f-dc3c-4b05-8fea-e1704f81eba3}</UniqueIdentifier>
    </Filter>
    <Filter Include="include%28%2a.h%29">
      <UniqueIdentifier>{b0bcafb0-ac40-469d-83d5-aaabef20ef05}</UniqueIdentifier>
    </Filter>
    <Filter Include="resources%28%2a.rc%29">
      <UniqueIdentifier>{d90a9ca0-2c2d-4d52-969e-4bfcf762de80}</UniqueIdentifier>
    </Filter>
  </ItemGroup>
  <ItemGroup>
    <ClCompile Include="..\doubango\tinyIPSec\src\tipsec.c">
      <Filter>source%28%2a.c%29</Filter>
    </ClCompile>
  </ItemGroup>
  <ItemGroup>
    <ClInclude Include="..\doubango\tinyIPSec\src\tinyipsec_config.h">
      <Filter>include%28%2a.h%29</Filter>
    </ClInclude>
    <ClInclude Include="..\doubango\tinyIPSec\src\tipsec.h">
      <Filter>include%28%2a.h%29</Filter>
    </ClInclude>
  </ItemGroup>
</Project>