<?xml version="1.0" encoding="utf-8"?>
<Project ToolsVersion="4.0" xmlns="http://schemas.microsoft.com/developer/msbuild/2003">
  <ItemGroup>
    <Filter Include="source%28%2a.c%29">
      <UniqueIdentifier>{5ad017d4-ac92-4b0d-9ffe-0d1378bb7c05}</UniqueIdentifier>
    </Filter>
    <Filter Include="source%28%2a.c%29\auth">
      <UniqueIdentifier>{8927c74e-2fad-4e47-b1eb-110d2c2974d4}</UniqueIdentifier>
    </Filter>
    <Filter Include="source%28%2a.c%29\headers">
      <UniqueIdentifier>{aee842f5-9cb6-4af6-a5df-43b60f4121f0}</UniqueIdentifier>
    </Filter>
    <Filter Include="source%28%2a.c%29\parsers">
      <UniqueIdentifier>{cd115d99-6dc3-4e08-b384-c3a7fff97825}</UniqueIdentifier>
    </Filter>
    <Filter Include="include%28%2a.h%29">
      <UniqueIdentifier>{8d7f3de9-52e1-4bbb-ae1a-d4773bedc186}</UniqueIdentifier>
    </Filter>
    <Filter Include="include%28%2a.h%29\auth">
      <UniqueIdentifier>{8b253ec8-d23d-4dfc-b32d-0e6b812de9d3}</UniqueIdentifier>
    </Filter>
    <Filter Include="include%28%2a.h%29\headers">
      <UniqueIdentifier>{8247c1bf-87c7-4664-ab6e-69a0dcfef8f8}</UniqueIdentifier>
    </Filter>
    <Filter Include="include%28%2a.h%29\parsers">
      <UniqueIdentifier>{ebbb783f-88a2-4eaf-a3f6-1ece0d315e59}</UniqueIdentifier>
    </Filter>
    <Filter Include="abnf%28%2a.abnf%29">
      <UniqueIdentifier>{07f3bcbc-d0af-44fa-8250-81ca977caaac}</UniqueIdentifier>
    </Filter>
    <Filter Include="ragel%28%2a.rl%29">
      <UniqueIdentifier>{da2aa969-dbc6-4f6e-839a-ee4950299b13}</UniqueIdentifier>
    </Filter>
    <Filter Include="resources%28%2a.rc%29">
      <UniqueIdentifier>{74a0c625-3acb-43d5-9e6c-ee544fde6da2}</UniqueIdentifier>
    </Filter>
  </ItemGroup>
  <ItemGroup>
    <ClCompile Include="..\doubango\tinyHTTP\src\thttp.c">
      <Filter>source%28%2a.c%29</Filter>
    </ClCompile>
    <ClCompile Include="..\doubango\tinyHTTP\src\thttp_action.c">
      <Filter>source%28%2a.c%29</Filter>
    </ClCompile>
    <ClCompile Include="..\doubango\tinyHTTP\src\thttp_dialog.c">
      <Filter>source%28%2a.c%29</Filter>
    </ClCompile>
    <ClCompile Include="..\doubango\tinyHTTP\src\thttp_event.c">
      <Filter>source%28%2a.c%29</Filter>
    </ClCompile>
    <ClCompile Include="..\doubango\tinyHTTP\src\thttp_message.c">
      <Filter>source%28%2a.c%29</Filter>
    </ClCompile>
    <ClCompile Include="..\doubango\tinyHTTP\src\thttp_session.c">
      <Filter>source%28%2a.c%29</Filter>
    </ClCompile>
    <ClCompile Include="..\doubango\tinyHTTP\src\thttp_url.c">
      <Filter>source%28%2a.c%29</Filter>
    </ClCompile>
    <ClCompile Include="..\doubango\tinyHTTP\src\auth\thttp_auth.c">
      <Filter>source%28%2a.c%29\auth</Filter>
    </ClCompile>
    <ClCompile Include="..\doubango\tinyHTTP\src\auth\thttp_challenge.c">
      <Filter>source%28%2a.c%29\auth</Filter>
    </ClCompile>
    <ClCompile Include="..\doubango\tinyHTTP\src\headers\thttp_header.c">
      <Filter>source%28%2a.c%29\headers</Filter>
    </ClCompile>
    <ClCompile Include="..\doubango\tinyHTTP\src\headers\thttp_header_Authorization.c">
      <Filter>source%28%2a.c%29\headers</Filter>
    </ClCompile>
    <ClCompile Include="..\doubango\tinyHTTP\src\headers\thttp_header_Content_Length.c">
      <Filter>source%28%2a.c%29\headers</Filter>
    </ClCompile>
    <ClCompile Include="..\doubango\tinyHTTP\src\headers\thttp_header_Content_Type.c">
      <Filter>source%28%2a.c%29\headers</Filter>
    </ClCompile>
    <ClCompile Include="..\doubango\tinyHTTP\src\headers\thttp_header_Dummy.c">
      <Filter>source%28%2a.c%29\headers</Filter>
    </ClCompile>
    <ClCompile Include="..\doubango\tinyHTTP\src\headers\thttp_header_ETag.c">
      <Filter>source%28%2a.c%29\headers</Filter>
    </ClCompile>
    <ClCompile Include="..\doubango\tinyHTTP\src\headers\thttp_header_Sec_WebSocket_Accept.c">
      <Filter>source%28%2a.c%29\headers</Filter>
    </ClCompile>
    <ClCompile Include="..\doubango\tinyHTTP\src\headers\thttp_header_Sec_WebSocket_Key.c">
      <Filter>source%28%2a.c%29\headers</Filter>
    </ClCompile>
    <ClCompile Include="..\doubango\tinyHTTP\src\headers\thttp_header_Sec_WebSocket_Protocol.c">
      <Filter>source%28%2a.c%29\headers</Filter>
    </ClCompile>
    <ClCompile Include="..\doubango\tinyHTTP\src\headers\thttp_header_Sec_WebSocket_Version.c">
      <Filter>source%28%2a.c%29\headers</Filter>
    </ClCompile>
    <ClCompile Include="..\doubango\tinyHTTP\src\headers\thttp_header_Transfer_Encoding.c">
      <Filter>source%28%2a.c%29\headers</Filter>
    </ClCompile>
    <ClCompile Include="..\doubango\tinyHTTP\src\headers\thttp_header_WWW_Authenticate.c">
      <Filter>source%28%2a.c%29\headers</Filter>
    </ClCompile>
    <ClCompile Include="..\doubango\tinyHTTP\src\parsers\thttp_parser_header.c">
      <Filter>source%28%2a.c%29\parsers</Filter>
    </ClCompile>
    <ClCompile Include="..\doubango\tinyHTTP\src\parsers\thttp_parser_message.c">
      <Filter>source%28%2a.c%29\parsers</Filter>
    </ClCompile>
    <ClCompile Include="..\doubango\tinyHTTP\src\parsers\thttp_parser_url.c">
      <Filter>source%28%2a.c%29\parsers</Filter>
    </ClCompile>
  </ItemGroup>
  <ItemGroup>
    <ClInclude Include="..\doubango\tinyHTTP\include\thttp.h">
      <Filter>include%28%2a.h%29</Filter>
    </ClInclude>
    <ClInclude Include="..\doubango\tinyHTTP\include\tinyHTTP\thttp_action.h">
      <Filter>include%28%2a.h%29</Filter>
    </ClInclude>
    <ClInclude Include="..\doubango\tinyHTTP\include\tinyHTTP\thttp_dialog.h">
      <Filter>include%28%2a.h%29</Filter>
    </ClInclude>
    <ClInclude Include="..\doubango\tinyHTTP\include\tinyHTTP\thttp_event.h">
      <Filter>include%28%2a.h%29</Filter>
    </ClInclude>
    <ClInclude Include="..\doubango\tinyHTTP\include\tinyHTTP\thttp_message.h">
      <Filter>include%28%2a.h%29</Filter>
    </ClInclude>
    <ClInclude Include="..\doubango\tinyHTTP\include\tinyHTTP\thttp_session.h">
      <Filter>include%28%2a.h%29</Filter>
    </ClInclude>
    <ClInclude Include="..\doubango\tinyHTTP\include\tinyHTTP\thttp_url.h">
      <Filter>include%28%2a.h%29</Filter>
    </ClInclude>
    <ClInclude Include="..\doubango\tinyHTTP\include\tinyhttp.h">
      <Filter>include%28%2a.h%29</Filter>
    </ClInclude>
    <ClInclude Include="..\doubango\tinyHTTP\include\tinyhttp_config.h">
      <Filter>include%28%2a.h%29</Filter>
    </ClInclude>
    <ClInclude Include="..\doubango\tinyHTTP\include\tinyHTTP\auth\thttp_auth.h">
      <Filter>include%28%2a.h%29\auth</Filter>
    </ClInclude>
    <ClInclude Include="..\doubango\tinyHTTP\include\tinyHTTP\auth\thttp_challenge.h">
      <Filter>include%28%2a.h%29\auth</Filter>
    </ClInclude>
    <ClInclude Include="..\doubango\tinyHTTP\include\tinyHTTP\headers\thttp_header.h">
      <Filter>include%28%2a.h%29\headers</Filter>
    </ClInclude>
    <ClInclude Include="..\doubango\tinyHTTP\include\tinyHTTP\headers\thttp_header_Authorization.h">
      <Filter>include%28%2a.h%29\headers</Filter>
    </ClInclude>
    <ClInclude Include="..\doubango\tinyHTTP\include\tinyHTTP\headers\thttp_header_Content_Length.h">
      <Filter>include%28%2a.h%29\headers</Filter>
    </ClInclude>
    <ClInclude Include="..\doubango\tinyHTTP\include\tinyHTTP\headers\thttp_header_Content_Type.h">
      <Filter>include%28%2a.h%29\headers</Filter>
    </ClInclude>
    <ClInclude Include="..\doubango\tinyHTTP\include\tinyHTTP\headers\thttp_header_Dummy.h">
      <Filter>include%28%2a.h%29\headers</Filter>
    </ClInclude>
    <ClInclude Include="..\doubango\tinyHTTP\include\tinyHTTP\headers\thttp_header_ETag.h">
      <Filter>include%28%2a.h%29\headers</Filter>
    </ClInclude>
    <ClInclude Include="..\doubango\tinyHTTP\include\tinyhttp\headers\thttp_header_Sec_WebSocket_Accept.h">
      <Filter>include%28%2a.h%29\headers</Filter>
    </ClInclude>
    <ClInclude Include="..\doubango\tinyHTTP\include\tinyhttp\headers\thttp_header_Sec_WebSocket_Key.h">
      <Filter>include%28%2a.h%29\headers</Filter>
    </ClInclude>
    <ClInclude Include="..\doubango\tinyHTTP\include\tinyhttp\headers\thttp_header_Sec_WebSocket_Protocol.h">
      <Filter>include%28%2a.h%29\headers</Filter>
    </ClInclude>
    <ClInclude Include="..\doubango\tinyHTTP\include\tinyhttp\headers\thttp_header_Sec_WebSocket_Version.h">
      <Filter>include%28%2a.h%29\headers</Filter>
    </ClInclude>
    <ClInclude Include="..\doubango\tinyHTTP\include\tinyHTTP\headers\thttp_header_Transfer_Encoding.h">
      <Filter>include%28%2a.h%29\headers</Filter>
    </ClInclude>
    <ClInclude Include="..\doubango\tinyHTTP\include\tinyHTTP\headers\thttp_header_WWW_Authenticate.h">
      <Filter>include%28%2a.h%29\headers</Filter>
    </ClInclude>
    <ClInclude Include="..\doubango\tinyHTTP\include\tinyHTTP\parsers\thttp_parser_header.h">
      <Filter>include%28%2a.h%29\parsers</Filter>
    </ClInclude>
    <ClInclude Include="..\doubango\tinyHTTP\include\tinyHTTP\parsers\thttp_parser_message.h">
      <Filter>include%28%2a.h%29\parsers</Filter>
    </ClInclude>
    <ClInclude Include="..\doubango\tinyHTTP\include\tinyHTTP\parsers\thttp_parser_url.h">
      <Filter>include%28%2a.h%29\parsers</Filter>
    </ClInclude>
  </ItemGroup>
  <ItemGroup>
    <None Include="abnf\http.abnf">
      <Filter>abnf%28%2a.abnf%29</Filter>
    </None>
    <None Include="abnf\httpauth.abnf">
      <Filter>abnf%28%2a.abnf%29</Filter>
    </None>
    <None Include="abnf\uri.abnf">
      <Filter>abnf%28%2a.abnf%29</Filter>
    </None>
    <None Include="abnf\ws.abnf">
      <Filter>abnf%28%2a.abnf%29</Filter>
    </None>
    <None Include="ragel\thttp_machine_header.rl">
      <Filter>ragel%28%2a.rl%29</Filter>
    </None>
    <None Include="ragel\thttp_machine_message.rl">
      <Filter>ragel%28%2a.rl%29</Filter>
    </None>
    <None Include="ragel\thttp_machine_utils.rl">
      <Filter>ragel%28%2a.rl%29</Filter>
    </None>
    <None Include="ragel\thttp_machine_ws.rl">
      <Filter>ragel%28%2a.rl%29</Filter>
    </None>
    <None Include="ragel\thttp_parser_header.rl">
      <Filter>ragel%28%2a.rl%29</Filter>
    </None>
    <None Include="ragel\thttp_parser_header_Authorization.rl">
      <Filter>ragel%28%2a.rl%29</Filter>
    </None>
    <None Include="ragel\thttp_parser_header_Content_Length.rl">
      <Filter>ragel%28%2a.rl%29</Filter>
    </None>
    <None Include="ragel\thttp_parser_header_Content_Type.rl">
      <Filter>ragel%28%2a.rl%29</Filter>
    </None>
    <None Include="ragel\thttp_parser_header_Dummy.rl">
      <Filter>ragel%28%2a.rl%29</Filter>
    </None>
    <None Include="ragel\thttp_parser_header_ETag.rl">
      <Filter>ragel%28%2a.rl%29</Filter>
    </None>
    <None Include="ragel\thttp_parser_header_Sec_WebSocket_Accept.rl">
      <Filter>ragel%28%2a.rl%29</Filter>
    </None>
    <None Include="ragel\thttp_parser_header_Sec_WebSocket_Key.rl">
      <Filter>ragel%28%2a.rl%29</Filter>
    </None>
    <None Include="ragel\thttp_parser_header_Sec_WebSocket_Protocol.rl">
      <Filter>ragel%28%2a.rl%29</Filter>
    </None>
    <None Include="ragel\thttp_parser_header_Sec_WebSocket_Version.rl">
      <Filter>ragel%28%2a.rl%29</Filter>
    </None>
    <None Include="ragel\thttp_parser_header_Transfer_Encoding.rl">
      <Filter>ragel%28%2a.rl%29</Filter>
    </None>
    <None Include="ragel\thttp_parser_header_WWW_Authenticate.rl">
      <Filter>ragel%28%2a.rl%29</Filter>
    </None>
    <None Include="ragel\thttp_parser_message.rl">
      <Filter>ragel%28%2a.rl%29</Filter>
    </None>
    <None Include="ragel\thttp_parser_url.rl">
      <Filter>ragel%28%2a.rl%29</Filter>
    </None>
  </ItemGroup>
</Project>