
Microsoft Visual Studio Solution File, Format Version 10.00
# Visual Studio 2008
Project("{8BC9CEB8-8B4A-11D0-8D11-00A0C91BC942}") = "wec7", "wec7.vcproj", "{BA2ACA85-217D-4FAE-86A3-814D300B54C1}"
	ProjectSection(ProjectDependencies) = postProject
		{B3E45009-C7C3-4090-837C-2D30C9058443} = {B3E45009-C7C3-4090-837C-2D30C9058443}
		{52814B0D-7DCA-45B8-9A16-8B147040D619} = {52814B0D-7DCA-45B8-9A16-8B147040D619}
		{AA46AF16-9678-4054-8E48-98DC21ECEC82} = {AA46AF16-9678-4054-8E48-98DC21ECEC82}
		{E45DB518-6562-4033-80E8-60030F0B169F} = {E45DB518-6562-4033-80E8-60030F0B169F}
		{8E2F0B2E-2596-4010-BF4A-2F688975B5C1} = {8E2F0B2E-2596-4010-BF4A-2F688975B5C1}
		{99B7D02F-8C70-4B45-AF3C-92313C3CEE15} = {99B7D02F-8C70-4B45-AF3C-92313C3CEE15}
		{7522A458-92F4-4259-B906-E84C2A65D9F1} = {7522A458-92F4-4259-B906-E84C2A65D9F1}
		{002FF064-588F-402E-A096-C8D033F49F40} = {002FF064-588F-402E-A096-C8D033F49F40}
		{78605D89-4D51-41AC-AFE2-061B4CAB81F1} = {78605D89-4D51-41AC-AFE2-061B4CAB81F1}
		{6BC9B796-10C6-4CF7-A6E4-E2DACCDA84DA} = {6BC9B796-10C6-4CF7-A6E4-E2DACCDA84DA}
		{03558F98-27DE-45C6-8972-8C708FE04D60} = {03558F98-27DE-45C6-8972-8C708FE04D60}
	EndProjectSection
EndProject
Project("{2150E333-8FDC-42A3-9474-1A3956D46DE8}") = "Doubango", "Doubango", "{5F1D48EF-DE35-487F-A8E1-D7337DBA5241}"
EndProject
Project("{8BC9CEB8-8B4A-11D0-8D11-00A0C91BC942}") = "tinyBFCP", "..\tinyBFCP.vcproj", "{78605D89-4D51-41AC-AFE2-061B4CAB81F1}"
EndProject
Project("{8BC9CEB8-8B4A-11D0-8D11-00A0C91BC942}") = "tinyDAV", "..\tinyDAV.vcproj", "{8E2F0B2E-2596-4010-BF4A-2F688975B5C1}"
EndProject
Project("{8BC9CEB8-8B4A-11D0-8D11-00A0C91BC942}") = "tinyHTTP", "..\tinyHTTP.vcproj", "{B3E45009-C7C3-4090-837C-2D30C9058443}"
EndProject
Project("{8BC9CEB8-8B4A-11D0-8D11-00A0C91BC942}") = "tinyIPSec", "..\tinyIPSec.vcproj", "{002FF064-588F-402E-A096-C8D033F49F40}"
EndProject
Project("{8BC9CEB8-8B4A-11D0-8D11-00A0C91BC942}") = "tinyMSRP", "..\tinyMSRP.vcproj", "{AA46AF16-9678-4054-8E48-98DC21ECEC82}"
EndProject
Project("{8BC9CEB8-8B4A-11D0-8D11-00A0C91BC942}") = "tinyMEDIA", "..\tinyMEDIA.vcproj", "{52814B0D-7DCA-45B8-9A16-8B147040D619}"
EndProject
Project("{8BC9CEB8-8B4A-11D0-8D11-00A0C91BC942}") = "tinyNET", "..\tinyNET.vcproj", "{7522A458-92F4-4259-B906-E84C2A65D9F1}"
EndProject
Project("{8BC9CEB8-8B4A-11D0-8D11-00A0C91BC942}") = "tinyRTP", "..\tinyRTP.vcproj", "{99B7D02F-8C70-4B45-AF3C-92313C3CEE15}"
EndProject
Project("{8BC9CEB8-8B4A-11D0-8D11-00A0C91BC942}") = "tinySAK", "..\tinySAK.vcproj", "{6BC9B796-10C6-4CF7-A6E4-E2DACCDA84DA}"
EndProject
Project("{8BC9CEB8-8B4A-11D0-8D11-00A0C91BC942}") = "tinySDP", "..\tinySDP.vcproj", "{E45DB518-6562-4033-80E8-60030F0B169F}"
EndProject
Project("{8BC9CEB8-8B4A-11D0-8D11-00A0C91BC942}") = "sincity", "..\sincity\sincity.vcproj", "{03558F98-27DE-45C6-8972-8C708FE04D60}"
	ProjectSection(ProjectDependencies) = postProject
		{B3E45009-C7C3-4090-837C-2D30C9058443} = {B3E45009-C7C3-4090-837C-2D30C9058443}
		{52814B0D-7DCA-45B8-9A16-8B147040D619} = {52814B0D-7DCA-45B8-9A16-8B147040D619}
		{AA46AF16-9678-4054-8E48-98DC21ECEC82} = {AA46AF16-9678-4054-8E48-98DC21ECEC82}
		{E45DB518-6562-4033-80E8-60030F0B169F} = {E45DB518-6562-4033-80E8-60030F0B169F}
		{8E2F0B2E-2596-4010-BF4A-2F688975B5C1} = {8E2F0B2E-2596-4010-BF4A-2F688975B5C1}
		{99B7D02F-8C70-4B45-AF3C-92313C3CEE15} = {99B7D02F-8C70-4B45-AF3C-92313C3CEE15}
		{7522A458-92F4-4259-B906-E84C2A65D9F1} = {7522A458-92F4-4259-B906-E84C2A65D9F1}
		{002FF064-588F-402E-A096-C8D033F49F40} = {002FF064-588F-402E-A096-C8D033F49F40}
		{78605D89-4D51-41AC-AFE2-061B4CAB81F1} = {78605D89-4D51-41AC-AFE2-061B4CAB81F1}
		{6BC9B796-10C6-4CF7-A6E4-E2DACCDA84DA} = {6BC9B796-10C6-4CF7-A6E4-E2DACCDA84DA}
	EndProjectSection
EndProject
Project("{8BC9CEB8-8B4A-11D0-8D11-00A0C91BC942}") = "PoC", "PoC\PoC.vcproj", "{7C2AE35E-4E41-4BFA-A164-4C95BF8627DF}"
	ProjectSection(ProjectDependencies) = postProject
		{B3E45009-C7C3-4090-837C-2D30C9058443} = {B3E45009-C7C3-4090-837C-2D30C9058443}
		{52814B0D-7DCA-45B8-9A16-8B147040D619} = {52814B0D-7DCA-45B8-9A16-8B147040D619}
		{AA46AF16-9678-4054-8E48-98DC21ECEC82} = {AA46AF16-9678-4054-8E48-98DC21ECEC82}
		{E45DB518-6562-4033-80E8-60030F0B169F} = {E45DB518-6562-4033-80E8-60030F0B169F}
		{8E2F0B2E-2596-4010-BF4A-2F688975B5C1} = {8E2F0B2E-2596-4010-BF4A-2F688975B5C1}
		{99B7D02F-8C70-4B45-AF3C-92313C3CEE15} = {99B7D02F-8C70-4B45-AF3C-92313C3CEE15}
		{7522A458-92F4-4259-B906-E84C2A65D9F1} = {7522A458-92F4-4259-B906-E84C2A65D9F1}
		{002FF064-588F-402E-A096-C8D033F49F40} = {002FF064-588F-402E-A096-C8D033F49F40}
		{78605D89-4D51-41AC-AFE2-061B4CAB81F1} = {78605D89-4D51-41AC-AFE2-061B4CAB81F1}
		{6BC9B796-10C6-4CF7-A6E4-E2DACCDA84DA} = {6BC9B796-10C6-4CF7-A6E4-E2DACCDA84DA}
		{03558F98-27DE-45C6-8972-8C708FE04D60} = {03558F98-27DE-45C6-8972-8C708FE04D60}
	EndProjectSection
EndProject
Global
	GlobalSection(SolutionConfigurationPlatforms) = preSolution
		Debug|GE vPC WEC7 SDK (x86) = Debug|GE vPC WEC7 SDK (x86)
		Debug|Win32 = Debug|Win32
		Release|GE vPC WEC7 SDK (x86) = Release|GE vPC WEC7 SDK (x86)
		Release|Win32 = Release|Win32
		Static_Debug|GE vPC WEC7 SDK (x86) = Static_Debug|GE vPC WEC7 SDK (x86)
		Static_Debug|Win32 = Static_Debug|Win32
		Static_Release|GE vPC WEC7 SDK (x86) = Static_Release|GE vPC WEC7 SDK (x86)
		Static_Release|Win32 = Static_Release|Win32
	EndGlobalSection
	GlobalSection(ProjectConfigurationPlatforms) = postSolution
		{BA2ACA85-217D-4FAE-86A3-814D300B54C1}.Debug|GE vPC WEC7 SDK (x86).ActiveCfg = Debug|GE vPC WEC7 SDK (x86)
		{BA2ACA85-217D-4FAE-86A3-814D300B54C1}.Debug|GE vPC WEC7 SDK (x86).Build.0 = Debug|GE vPC WEC7 SDK (x86)
		{BA2ACA85-217D-4FAE-86A3-814D300B54C1}.Debug|GE vPC WEC7 SDK (x86).Deploy.0 = Debug|GE vPC WEC7 SDK (x86)
		{BA2ACA85-217D-4FAE-86A3-814D300B54C1}.Debug|Win32.ActiveCfg = Debug|GE vPC WEC7 SDK (x86)
		{BA2ACA85-217D-4FAE-86A3-814D300B54C1}.Release|GE vPC WEC7 SDK (x86).ActiveCfg = Release|GE vPC WEC7 SDK (x86)
		{BA2ACA85-217D-4FAE-86A3-814D300B54C1}.Release|GE vPC WEC7 SDK (x86).Build.0 = Release|GE vPC WEC7 SDK (x86)
		{BA2ACA85-217D-4FAE-86A3-814D300B54C1}.Release|GE vPC WEC7 SDK (x86).Deploy.0 = Release|GE vPC WEC7 SDK (x86)
		{BA2ACA85-217D-4FAE-86A3-814D300B54C1}.Release|Win32.ActiveCfg = Release|GE vPC WEC7 SDK (x86)
		{BA2ACA85-217D-4FAE-86A3-814D300B54C1}.Static_Debug|GE vPC WEC7 SDK (x86).ActiveCfg = Debug|GE vPC WEC7 SDK (x86)
		{BA2ACA85-217D-4FAE-86A3-814D300B54C1}.Static_Debug|GE vPC WEC7 SDK (x86).Build.0 = Debug|GE vPC WEC7 SDK (x86)
		{BA2ACA85-217D-4FAE-86A3-814D300B54C1}.Static_Debug|GE vPC WEC7 SDK (x86).Deploy.0 = Debug|GE vPC WEC7 SDK (x86)
		{BA2ACA85-217D-4FAE-86A3-814D300B54C1}.Static_Debug|Win32.ActiveCfg = Debug|GE vPC WEC7 SDK (x86)
		{BA2ACA85-217D-4FAE-86A3-814D300B54C1}.Static_Release|GE vPC WEC7 SDK (x86).ActiveCfg = Release|GE vPC WEC7 SDK (x86)
		{BA2ACA85-217D-4FAE-86A3-814D300B54C1}.Static_Release|GE vPC WEC7 SDK (x86).Build.0 = Release|GE vPC WEC7 SDK (x86)
		{BA2ACA85-217D-4FAE-86A3-814D300B54C1}.Static_Release|GE vPC WEC7 SDK (x86).Deploy.0 = Release|GE vPC WEC7 SDK (x86)
		{BA2ACA85-217D-4FAE-86A3-814D300B54C1}.Static_Release|Win32.ActiveCfg = Release|GE vPC WEC7 SDK (x86)
		{78605D89-4D51-41AC-AFE2-061B4CAB81F1}.Debug|GE vPC WEC7 SDK (x86).ActiveCfg = Debug|GE vPC WEC7 SDK (x86)
		{78605D89-4D51-41AC-AFE2-061B4CAB81F1}.Debug|GE vPC WEC7 SDK (x86).Build.0 = Debug|GE vPC WEC7 SDK (x86)
		{78605D89-4D51-41AC-AFE2-061B4CAB81F1}.Debug|Win32.ActiveCfg = Debug|Win32
		{78605D89-4D51-41AC-AFE2-061B4CAB81F1}.Debug|Win32.Build.0 = Debug|Win32
		{78605D89-4D51-41AC-AFE2-061B4CAB81F1}.Release|GE vPC WEC7 SDK (x86).ActiveCfg = Release|GE vPC WEC7 SDK (x86)
		{78605D89-4D51-41AC-AFE2-061B4CAB81F1}.Release|GE vPC WEC7 SDK (x86).Build.0 = Release|GE vPC WEC7 SDK (x86)
		{78605D89-4D51-41AC-AFE2-061B4CAB81F1}.Release|Win32.ActiveCfg = Release|Win32
		{78605D89-4D51-41AC-AFE2-061B4CAB81F1}.Release|Win32.Build.0 = Release|Win32
		{78605D89-4D51-41AC-AFE2-061B4CAB81F1}.Static_Debug|GE vPC WEC7 SDK (x86).ActiveCfg = Debug|GE vPC WEC7 SDK (x86)
		{78605D89-4D51-41AC-AFE2-061B4CAB81F1}.Static_Debug|GE vPC WEC7 SDK (x86).Build.0 = Debug|GE vPC WEC7 SDK (x86)
		{78605D89-4D51-41AC-AFE2-061B4CAB81F1}.Static_Debug|GE vPC WEC7 SDK (x86).Deploy.0 = Debug|GE vPC WEC7 SDK (x86)
		{78605D89-4D51-41AC-AFE2-061B4CAB81F1}.Static_Debug|Win32.ActiveCfg = Debug|Win32
		{78605D89-4D51-41AC-AFE2-061B4CAB81F1}.Static_Debug|Win32.Build.0 = Debug|Win32
		{78605D89-4D51-41AC-AFE2-061B4CAB81F1}.Static_Release|GE vPC WEC7 SDK (x86).ActiveCfg = Release|GE vPC WEC7 SDK (x86)
		{78605D89-4D51-41AC-AFE2-061B4CAB81F1}.Static_Release|GE vPC WEC7 SDK (x86).Build.0 = Release|GE vPC WEC7 SDK (x86)
		{78605D89-4D51-41AC-AFE2-061B4CAB81F1}.Static_Release|GE vPC WEC7 SDK (x86).Deploy.0 = Release|GE vPC WEC7 SDK (x86)
		{78605D89-4D51-41AC-AFE2-061B4CAB81F1}.Static_Release|Win32.ActiveCfg = Release|Win32
		{78605D89-4D51-41AC-AFE2-061B4CAB81F1}.Static_Release|Win32.Build.0 = Release|Win32
		{8E2F0B2E-2596-4010-BF4A-2F688975B5C1}.Debug|GE vPC WEC7 SDK (x86).ActiveCfg = Debug|GE vPC WEC7 SDK (x86)
		{8E2F0B2E-2596-4010-BF4A-2F688975B5C1}.Debug|GE vPC WEC7 SDK (x86).Build.0 = Debug|GE vPC WEC7 SDK (x86)
		{8E2F0B2E-2596-4010-BF4A-2F688975B5C1}.Debug|Win32.ActiveCfg = Debug|Win32
		{8E2F0B2E-2596-4010-BF4A-2F688975B5C1}.Debug|Win32.Build.0 = Debug|Win32
		{8E2F0B2E-2596-4010-BF4A-2F688975B5C1}.Release|GE vPC WEC7 SDK (x86).ActiveCfg = Release|GE vPC WEC7 SDK (x86)
		{8E2F0B2E-2596-4010-BF4A-2F688975B5C1}.Release|GE vPC WEC7 SDK (x86).Build.0 = Release|GE vPC WEC7 SDK (x86)
		{8E2F0B2E-2596-4010-BF4A-2F688975B5C1}.Release|Win32.ActiveCfg = Release|Win32
		{8E2F0B2E-2596-4010-BF4A-2F688975B5C1}.Release|Win32.Build.0 = Release|Win32
		{8E2F0B2E-2596-4010-BF4A-2F688975B5C1}.Static_Debug|GE vPC WEC7 SDK (x86).ActiveCfg = Debug|GE vPC WEC7 SDK (x86)
		{8E2F0B2E-2596-4010-BF4A-2F688975B5C1}.Static_Debug|GE vPC WEC7 SDK (x86).Build.0 = Debug|GE vPC WEC7 SDK (x86)
		{8E2F0B2E-2596-4010-BF4A-2F688975B5C1}.Static_Debug|GE vPC WEC7 SDK (x86).Deploy.0 = Debug|GE vPC WEC7 SDK (x86)
		{8E2F0B2E-2596-4010-BF4A-2F688975B5C1}.Static_Debug|Win32.ActiveCfg = Debug|Win32
		{8E2F0B2E-2596-4010-BF4A-2F688975B5C1}.Static_Debug|Win32.Build.0 = Debug|Win32
		{8E2F0B2E-2596-4010-BF4A-2F688975B5C1}.Static_Release|GE vPC WEC7 SDK (x86).ActiveCfg = Release|GE vPC WEC7 SDK (x86)
		{8E2F0B2E-2596-4010-BF4A-2F688975B5C1}.Static_Release|GE vPC WEC7 SDK (x86).Build.0 = Release|GE vPC WEC7 SDK (x86)
		{8E2F0B2E-2596-4010-BF4A-2F688975B5C1}.Static_Release|GE vPC WEC7 SDK (x86).Deploy.0 = Release|GE vPC WEC7 SDK (x86)
		{8E2F0B2E-2596-4010-BF4A-2F688975B5C1}.Static_Release|Win32.ActiveCfg = Release|Win32
		{8E2F0B2E-2596-4010-BF4A-2F688975B5C1}.Static_Release|Win32.Build.0 = Release|Win32
		{B3E45009-C7C3-4090-837C-2D30C9058443}.Debug|GE vPC WEC7 SDK (x86).ActiveCfg = Debug|GE vPC WEC7 SDK (x86)
		{B3E45009-C7C3-4090-837C-2D30C9058443}.Debug|GE vPC WEC7 SDK (x86).Build.0 = Debug|GE vPC WEC7 SDK (x86)
		{B3E45009-C7C3-4090-837C-2D30C9058443}.Debug|Win32.ActiveCfg = Debug|Win32
		{B3E45009-C7C3-4090-837C-2D30C9058443}.Debug|Win32.Build.0 = Debug|Win32
		{B3E45009-C7C3-4090-837C-2D30C9058443}.Release|GE vPC WEC7 SDK (x86).ActiveCfg = Release|GE vPC WEC7 SDK (x86)
		{B3E45009-C7C3-4090-837C-2D30C9058443}.Release|GE vPC WEC7 SDK (x86).Build.0 = Release|GE vPC WEC7 SDK (x86)
		{B3E45009-C7C3-4090-837C-2D30C9058443}.Release|Win32.ActiveCfg = Release|Win32
		{B3E45009-C7C3-4090-837C-2D30C9058443}.Release|Win32.Build.0 = Release|Win32
		{B3E45009-C7C3-4090-837C-2D30C9058443}.Static_Debug|GE vPC WEC7 SDK (x86).ActiveCfg = Debug|GE vPC WEC7 SDK (x86)
		{B3E45009-C7C3-4090-837C-2D30C9058443}.Static_Debug|GE vPC WEC7 SDK (x86).Build.0 = Debug|GE vPC WEC7 SDK (x86)
		{B3E45009-C7C3-4090-837C-2D30C9058443}.Static_Debug|GE vPC WEC7 SDK (x86).Deploy.0 = Debug|GE vPC WEC7 SDK (x86)
		{B3E45009-C7C3-4090-837C-2D30C9058443}.Static_Debug|Win32.ActiveCfg = Debug|Win32
		{B3E45009-C7C3-4090-837C-2D30C9058443}.Static_Debug|Win32.Build.0 = Debug|Win32
		{B3E45009-C7C3-4090-837C-2D30C9058443}.Static_Release|GE vPC WEC7 SDK (x86).ActiveCfg = Release|GE vPC WEC7 SDK (x86)
		{B3E45009-C7C3-4090-837C-2D30C9058443}.Static_Release|GE vPC WEC7 SDK (x86).Build.0 = Release|GE vPC WEC7 SDK (x86)
		{B3E45009-C7C3-4090-837C-2D30C9058443}.Static_Release|GE vPC WEC7 SDK (x86).Deploy.0 = Release|GE vPC WEC7 SDK (x86)
		{B3E45009-C7C3-4090-837C-2D30C9058443}.Static_Release|Win32.ActiveCfg = Release|Win32
		{B3E45009-C7C3-4090-837C-2D30C9058443}.Static_Release|Win32.Build.0 = Release|Win32
		{002FF064-588F-402E-A096-C8D033F49F40}.Debug|GE vPC WEC7 SDK (x86).ActiveCfg = Debug|GE vPC WEC7 SDK (x86)
		{002FF064-588F-402E-A096-C8D033F49F40}.Debug|GE vPC WEC7 SDK (x86).Build.0 = Debug|GE vPC WEC7 SDK (x86)
		{002FF064-588F-402E-A096-C8D033F49F40}.Debug|Win32.ActiveCfg = Debug|Win32
		{002FF064-588F-402E-A096-C8D033F49F40}.Debug|Win32.Build.0 = Debug|Win32
		{002FF064-588F-402E-A096-C8D033F49F40}.Release|GE vPC WEC7 SDK (x86).ActiveCfg = Release|GE vPC WEC7 SDK (x86)
		{002FF064-588F-402E-A096-C8D033F49F40}.Release|GE vPC WEC7 SDK (x86).Build.0 = Release|GE vPC WEC7 SDK (x86)
		{002FF064-588F-402E-A096-C8D033F49F40}.Release|Win32.ActiveCfg = Release|Win32
		{002FF064-588F-402E-A096-C8D033F49F40}.Release|Win32.Build.0 = Release|Win32
		{002FF064-588F-402E-A096-C8D033F49F40}.Static_Debug|GE vPC WEC7 SDK (x86).ActiveCfg = Debug|GE vPC WEC7 SDK (x86)
		{002FF064-588F-402E-A096-C8D033F49F40}.Static_Debug|GE vPC WEC7 SDK (x86).Build.0 = Debug|GE vPC WEC7 SDK (x86)
		{002FF064-588F-402E-A096-C8D033F49F40}.Static_Debug|GE vPC WEC7 SDK (x86).Deploy.0 = Debug|GE vPC WEC7 SDK (x86)
		{002FF064-588F-402E-A096-C8D033F49F40}.Static_Debug|Win32.ActiveCfg = Debug|Win32
		{002FF064-588F-402E-A096-C8D033F49F40}.Static_Debug|Win32.Build.0 = Debug|Win32
		{002FF064-588F-402E-A096-C8D033F49F40}.Static_Release|GE vPC WEC7 SDK (x86).ActiveCfg = Release|GE vPC WEC7 SDK (x86)
		{002FF064-588F-402E-A096-C8D033F49F40}.Static_Release|GE vPC WEC7 SDK (x86).Build.0 = Release|GE vPC WEC7 SDK (x86)
		{002FF064-588F-402E-A096-C8D033F49F40}.Static_Release|GE vPC WEC7 SDK (x86).Deploy.0 = Release|GE vPC WEC7 SDK (x86)
		{002FF064-588F-402E-A096-C8D033F49F40}.Static_Release|Win32.ActiveCfg = Release|Win32
		{002FF064-588F-402E-A096-C8D033F49F40}.Static_Release|Win32.Build.0 = Release|Win32
		{AA46AF16-9678-4054-8E48-98DC21ECEC82}.Debug|GE vPC WEC7 SDK (x86).ActiveCfg = Debug|GE vPC WEC7 SDK (x86)
		{AA46AF16-9678-4054-8E48-98DC21ECEC82}.Debug|GE vPC WEC7 SDK (x86).Build.0 = Debug|GE vPC WEC7 SDK (x86)
		{AA46AF16-9678-4054-8E48-98DC21ECEC82}.Debug|Win32.ActiveCfg = Debug|Win32
		{AA46AF16-9678-4054-8E48-98DC21ECEC82}.Debug|Win32.Build.0 = Debug|Win32
		{AA46AF16-9678-4054-8E48-98DC21ECEC82}.Release|GE vPC WEC7 SDK (x86).ActiveCfg = Release|GE vPC WEC7 SDK (x86)
		{AA46AF16-9678-4054-8E48-98DC21ECEC82}.Release|GE vPC WEC7 SDK (x86).Build.0 = Release|GE vPC WEC7 SDK (x86)
		{AA46AF16-9678-4054-8E48-98DC21ECEC82}.Release|Win32.ActiveCfg = Release|Win32
		{AA46AF16-9678-4054-8E48-98DC21ECEC82}.Release|Win32.Build.0 = Release|Win32
		{AA46AF16-9678-4054-8E48-98DC21ECEC82}.Static_Debug|GE vPC WEC7 SDK (x86).ActiveCfg = Debug|GE vPC WEC7 SDK (x86)
		{AA46AF16-9678-4054-8E48-98DC21ECEC82}.Static_Debug|GE vPC WEC7 SDK (x86).Build.0 = Debug|GE vPC WEC7 SDK (x86)
		{AA46AF16-9678-4054-8E48-98DC21ECEC82}.Static_Debug|GE vPC WEC7 SDK (x86).Deploy.0 = Debug|GE vPC WEC7 SDK (x86)
		{AA46AF16-9678-4054-8E48-98DC21ECEC82}.Static_Debug|Win32.ActiveCfg = Debug|Win32
		{AA46AF16-9678-4054-8E48-98DC21ECEC82}.Static_Debug|Win32.Build.0 = Debug|Win32
		{AA46AF16-9678-4054-8E48-98DC21ECEC82}.Static_Release|GE vPC WEC7 SDK (x86).ActiveCfg = Release|GE vPC WEC7 SDK (x86)
		{AA46AF16-9678-4054-8E48-98DC21ECEC82}.Static_Release|GE vPC WEC7 SDK (x86).Build.0 = Release|GE vPC WEC7 SDK (x86)
		{AA46AF16-9678-4054-8E48-98DC21ECEC82}.Static_Release|GE vPC WEC7 SDK (x86).Deploy.0 = Release|GE vPC WEC7 SDK (x86)
		{AA46AF16-9678-4054-8E48-98DC21ECEC82}.Static_Release|Win32.ActiveCfg = Release|Win32
		{AA46AF16-9678-4054-8E48-98DC21ECEC82}.Static_Release|Win32.Build.0 = Release|Win32
		{52814B0D-7DCA-45B8-9A16-8B147040D619}.Debug|GE vPC WEC7 SDK (x86).ActiveCfg = Debug|GE vPC WEC7 SDK (x86)
		{52814B0D-7DCA-45B8-9A16-8B147040D619}.Debug|GE vPC WEC7 SDK (x86).Build.0 = Debug|GE vPC WEC7 SDK (x86)
		{52814B0D-7DCA-45B8-9A16-8B147040D619}.Debug|Win32.ActiveCfg = Debug|Win32
		{52814B0D-7DCA-45B8-9A16-8B147040D619}.Debug|Win32.Build.0 = Debug|Win32
		{52814B0D-7DCA-45B8-9A16-8B147040D619}.Release|GE vPC WEC7 SDK (x86).ActiveCfg = Release|GE vPC WEC7 SDK (x86)
		{52814B0D-7DCA-45B8-9A16-8B147040D619}.Release|GE vPC WEC7 SDK (x86).Build.0 = Release|GE vPC WEC7 SDK (x86)
		{52814B0D-7DCA-45B8-9A16-8B147040D619}.Release|Win32.ActiveCfg = Release|Win32
		{52814B0D-7DCA-45B8-9A16-8B147040D619}.Release|Win32.Build.0 = Release|Win32
		{52814B0D-7DCA-45B8-9A16-8B147040D619}.Static_Debug|GE vPC WEC7 SDK (x86).ActiveCfg = Debug|GE vPC WEC7 SDK (x86)
		{52814B0D-7DCA-45B8-9A16-8B147040D619}.Static_Debug|GE vPC WEC7 SDK (x86).Build.0 = Debug|GE vPC WEC7 SDK (x86)
		{52814B0D-7DCA-45B8-9A16-8B147040D619}.Static_Debug|GE vPC WEC7 SDK (x86).Deploy.0 = Debug|GE vPC WEC7 SDK (x86)
		{52814B0D-7DCA-45B8-9A16-8B147040D619}.Static_Debug|Win32.ActiveCfg = Debug|Win32
		{52814B0D-7DCA-45B8-9A16-8B147040D619}.Static_Debug|Win32.Build.0 = Debug|Win32
		{52814B0D-7DCA-45B8-9A16-8B147040D619}.Static_Release|GE vPC WEC7 SDK (x86).ActiveCfg = Release|GE vPC WEC7 SDK (x86)
		{52814B0D-7DCA-45B8-9A16-8B147040D619}.Static_Release|GE vPC WEC7 SDK (x86).Build.0 = Release|GE vPC WEC7 SDK (x86)
		{52814B0D-7DCA-45B8-9A16-8B147040D619}.Static_Release|GE vPC WEC7 SDK (x86).Deploy.0 = Release|GE vPC WEC7 SDK (x86)
		{52814B0D-7DCA-45B8-9A16-8B147040D619}.Static_Release|Win32.ActiveCfg = Release|Win32
		{52814B0D-7DCA-45B8-9A16-8B147040D619}.Static_Release|Win32.Build.0 = Release|Win32
		{7522A458-92F4-4259-B906-E84C2A65D9F1}.Debug|GE vPC WEC7 SDK (x86).ActiveCfg = Debug|GE vPC WEC7 SDK (x86)
		{7522A458-92F4-4259-B906-E84C2A65D9F1}.Debug|GE vPC WEC7 SDK (x86).Build.0 = Debug|GE vPC WEC7 SDK (x86)
		{7522A458-92F4-4259-B906-E84C2A65D9F1}.Debug|Win32.ActiveCfg = Debug|Win32
		{7522A458-92F4-4259-B906-E84C2A65D9F1}.Debug|Win32.Build.0 = Debug|Win32
		{7522A458-92F4-4259-B906-E84C2A65D9F1}.Release|GE vPC WEC7 SDK (x86).ActiveCfg = Release|GE vPC WEC7 SDK (x86)
		{7522A458-92F4-4259-B906-E84C2A65D9F1}.Release|GE vPC WEC7 SDK (x86).Build.0 = Release|GE vPC WEC7 SDK (x86)
		{7522A458-92F4-4259-B906-E84C2A65D9F1}.Release|Win32.ActiveCfg = Release|Win32
		{7522A458-92F4-4259-B906-E84C2A65D9F1}.Release|Win32.Build.0 = Release|Win32
		{7522A458-92F4-4259-B906-E84C2A65D9F1}.Static_Debug|GE vPC WEC7 SDK (x86).ActiveCfg = Debug|GE vPC WEC7 SDK (x86)
		{7522A458-92F4-4259-B906-E84C2A65D9F1}.Static_Debug|GE vPC WEC7 SDK (x86).Build.0 = Debug|GE vPC WEC7 SDK (x86)
		{7522A458-92F4-4259-B906-E84C2A65D9F1}.Static_Debug|GE vPC WEC7 SDK (x86).Deploy.0 = Debug|GE vPC WEC7 SDK (x86)
		{7522A458-92F4-4259-B906-E84C2A65D9F1}.Static_Debug|Win32.ActiveCfg = Debug|Win32
		{7522A458-92F4-4259-B906-E84C2A65D9F1}.Static_Debug|Win32.Build.0 = Debug|Win32
		{7522A458-92F4-4259-B906-E84C2A65D9F1}.Static_Release|GE vPC WEC7 SDK (x86).ActiveCfg = Release|GE vPC WEC7 SDK (x86)
		{7522A458-92F4-4259-B906-E84C2A65D9F1}.Static_Release|GE vPC WEC7 SDK (x86).Build.0 = Release|GE vPC WEC7 SDK (x86)
		{7522A458-92F4-4259-B906-E84C2A65D9F1}.Static_Release|GE vPC WEC7 SDK (x86).Deploy.0 = Release|GE vPC WEC7 SDK (x86)
		{7522A458-92F4-4259-B906-E84C2A65D9F1}.Static_Release|Win32.ActiveCfg = Release|Win32
		{7522A458-92F4-4259-B906-E84C2A65D9F1}.Static_Release|Win32.Build.0 = Release|Win32
		{99B7D02F-8C70-4B45-AF3C-92313C3CEE15}.Debug|GE vPC WEC7 SDK (x86).ActiveCfg = Debug|GE vPC WEC7 SDK (x86)
		{99B7D02F-8C70-4B45-AF3C-92313C3CEE15}.Debug|GE vPC WEC7 SDK (x86).Build.0 = Debug|GE vPC WEC7 SDK (x86)
		{99B7D02F-8C70-4B45-AF3C-92313C3CEE15}.Debug|Win32.ActiveCfg = Debug|Win32
		{99B7D02F-8C70-4B45-AF3C-92313C3CEE15}.Debug|Win32.Build.0 = Debug|Win32
		{99B7D02F-8C70-4B45-AF3C-92313C3CEE15}.Release|GE vPC WEC7 SDK (x86).ActiveCfg = Release|GE vPC WEC7 SDK (x86)
		{99B7D02F-8C70-4B45-AF3C-92313C3CEE15}.Release|GE vPC WEC7 SDK (x86).Build.0 = Release|GE vPC WEC7 SDK (x86)
		{99B7D02F-8C70-4B45-AF3C-92313C3CEE15}.Release|Win32.ActiveCfg = Release|Win32
		{99B7D02F-8C70-4B45-AF3C-92313C3CEE15}.Release|Win32.Build.0 = Release|Win32
		{99B7D02F-8C70-4B45-AF3C-92313C3CEE15}.Static_Debug|GE vPC WEC7 SDK (x86).ActiveCfg = Debug|GE vPC WEC7 SDK (x86)
		{99B7D02F-8C70-4B45-AF3C-92313C3CEE15}.Static_Debug|GE vPC WEC7 SDK (x86).Build.0 = Debug|GE vPC WEC7 SDK (x86)
		{99B7D02F-8C70-4B45-AF3C-92313C3CEE15}.Static_Debug|GE vPC WEC7 SDK (x86).Deploy.0 = Debug|GE vPC WEC7 SDK (x86)
		{99B7D02F-8C70-4B45-AF3C-92313C3CEE15}.Static_Debug|Win32.ActiveCfg = Debug|Win32
		{99B7D02F-8C70-4B45-AF3C-92313C3CEE15}.Static_Debug|Win32.Build.0 = Debug|Win32
		{99B7D02F-8C70-4B45-AF3C-92313C3CEE15}.Static_Release|GE vPC WEC7 SDK (x86).ActiveCfg = Release|GE vPC WEC7 SDK (x86)
		{99B7D02F-8C70-4B45-AF3C-92313C3CEE15}.Static_Release|GE vPC WEC7 SDK (x86).Build.0 = Release|GE vPC WEC7 SDK (x86)
		{99B7D02F-8C70-4B45-AF3C-92313C3CEE15}.Static_Release|GE vPC WEC7 SDK (x86).Deploy.0 = Release|GE vPC WEC7 SDK (x86)
		{99B7D02F-8C70-4B45-AF3C-92313C3CEE15}.Static_Release|Win32.ActiveCfg = Release|Win32
		{99B7D02F-8C70-4B45-AF3C-92313C3CEE15}.Static_Release|Win32.Build.0 = Release|Win32
		{6BC9B796-10C6-4CF7-A6E4-E2DACCDA84DA}.Debug|GE vPC WEC7 SDK (x86).ActiveCfg = Debug|GE vPC WEC7 SDK (x86)
		{6BC9B796-10C6-4CF7-A6E4-E2DACCDA84DA}.Debug|GE vPC WEC7 SDK (x86).Build.0 = Debug|GE vPC WEC7 SDK (x86)
		{6BC9B796-10C6-4CF7-A6E4-E2DACCDA84DA}.Debug|Win32.ActiveCfg = Debug|Win32
		{6BC9B796-10C6-4CF7-A6E4-E2DACCDA84DA}.Debug|Win32.Build.0 = Debug|Win32
		{6BC9B796-10C6-4CF7-A6E4-E2DACCDA84DA}.Release|GE vPC WEC7 SDK (x86).ActiveCfg = Release|GE vPC WEC7 SDK (x86)
		{6BC9B796-10C6-4CF7-A6E4-E2DACCDA84DA}.Release|GE vPC WEC7 SDK (x86).Build.0 = Release|GE vPC WEC7 SDK (x86)
		{6BC9B796-10C6-4CF7-A6E4-E2DACCDA84DA}.Release|Win32.ActiveCfg = Release|Win32
		{6BC9B796-10C6-4CF7-A6E4-E2DACCDA84DA}.Release|Win32.Build.0 = Release|Win32
		{6BC9B796-10C6-4CF7-A6E4-E2DACCDA84DA}.Static_Debug|GE vPC WEC7 SDK (x86).ActiveCfg = Static_Debug|GE vPC WEC7 SDK (x86)
		{6BC9B796-10C6-4CF7-A6E4-E2DACCDA84DA}.Static_Debug|GE vPC WEC7 SDK (x86).Build.0 = Static_Debug|GE vPC WEC7 SDK (x86)
		{6BC9B796-10C6-4CF7-A6E4-E2DACCDA84DA}.Static_Debug|GE vPC WEC7 SDK (x86).Deploy.0 = Static_Debug|GE vPC WEC7 SDK (x86)
		{6BC9B796-10C6-4CF7-A6E4-E2DACCDA84DA}.Static_Debug|Win32.ActiveCfg = Static_Debug|Win32
		{6BC9B796-10C6-4CF7-A6E4-E2DACCDA84DA}.Static_Debug|Win32.Build.0 = Static_Debug|Win32
		{6BC9B796-10C6-4CF7-A6E4-E2DACCDA84DA}.Static_Release|GE vPC WEC7 SDK (x86).ActiveCfg = Static_Release|GE vPC WEC7 SDK (x86)
		{6BC9B796-10C6-4CF7-A6E4-E2DACCDA84DA}.Static_Release|GE vPC WEC7 SDK (x86).Build.0 = Static_Release|GE vPC WEC7 SDK (x86)
		{6BC9B796-10C6-4CF7-A6E4-E2DACCDA84DA}.Static_Release|GE vPC WEC7 SDK (x86).Deploy.0 = Static_Release|GE vPC WEC7 SDK (x86)
		{6BC9B796-10C6-4CF7-A6E4-E2DACCDA84DA}.Static_Release|Win32.ActiveCfg = Static_Release|Win32
		{6BC9B796-10C6-4CF7-A6E4-E2DACCDA84DA}.Static_Release|Win32.Build.0 = Static_Release|Win32
		{E45DB518-6562-4033-80E8-60030F0B169F}.Debug|GE vPC WEC7 SDK (x86).ActiveCfg = Debug|GE vPC WEC7 SDK (x86)
		{E45DB518-6562-4033-80E8-60030F0B169F}.Debug|GE vPC WEC7 SDK (x86).Build.0 = Debug|GE vPC WEC7 SDK (x86)
		{E45DB518-6562-4033-80E8-60030F0B169F}.Debug|Win32.ActiveCfg = Debug|Win32
		{E45DB518-6562-4033-80E8-60030F0B169F}.Debug|Win32.Build.0 = Debug|Win32
		{E45DB518-6562-4033-80E8-60030F0B169F}.Release|GE vPC WEC7 SDK (x86).ActiveCfg = Release|GE vPC WEC7 SDK (x86)
		{E45DB518-6562-4033-80E8-60030F0B169F}.Release|GE vPC WEC7 SDK (x86).Build.0 = Release|GE vPC WEC7 SDK (x86)
		{E45DB518-6562-4033-80E8-60030F0B169F}.Release|Win32.ActiveCfg = Release|Win32
		{E45DB518-6562-4033-80E8-60030F0B169F}.Release|Win32.Build.0 = Release|Win32
		{E45DB518-6562-4033-80E8-60030F0B169F}.Static_Debug|GE vPC WEC7 SDK (x86).ActiveCfg = Debug|GE vPC WEC7 SDK (x86)
		{E45DB518-6562-4033-80E8-60030F0B169F}.Static_Debug|GE vPC WEC7 SDK (x86).Build.0 = Debug|GE vPC WEC7 SDK (x86)
		{E45DB518-6562-4033-80E8-60030F0B169F}.Static_Debug|GE vPC WEC7 SDK (x86).Deploy.0 = Debug|GE vPC WEC7 SDK (x86)
		{E45DB518-6562-4033-80E8-60030F0B169F}.Static_Debug|Win32.ActiveCfg = Debug|Win32
		{E45DB518-6562-4033-80E8-60030F0B169F}.Static_Debug|Win32.Build.0 = Debug|Win32
		{E45DB518-6562-4033-80E8-60030F0B169F}.Static_Release|GE vPC WEC7 SDK (x86).ActiveCfg = Release|GE vPC WEC7 SDK (x86)
		{E45DB518-6562-4033-80E8-60030F0B169F}.Static_Release|GE vPC WEC7 SDK (x86).Build.0 = Release|GE vPC WEC7 SDK (x86)
		{E45DB518-6562-4033-80E8-60030F0B169F}.Static_Release|GE vPC WEC7 SDK (x86).Deploy.0 = Release|GE vPC WEC7 SDK (x86)
		{E45DB518-6562-4033-80E8-60030F0B169F}.Static_Release|Win32.ActiveCfg = Release|Win32
		{E45DB518-6562-4033-80E8-60030F0B169F}.Static_Release|Win32.Build.0 = Release|Win32
		{03558F98-27DE-45C6-8972-8C708FE04D60}.Debug|GE vPC WEC7 SDK (x86).ActiveCfg = Debug|GE vPC WEC7 SDK (x86)
		{03558F98-27DE-45C6-8972-8C708FE04D60}.Debug|GE vPC WEC7 SDK (x86).Build.0 = Debug|GE vPC WEC7 SDK (x86)
		{03558F98-27DE-45C6-8972-8C708FE04D60}.Debug|Win32.ActiveCfg = Debug|Win32
		{03558F98-27DE-45C6-8972-8C708FE04D60}.Debug|Win32.Build.0 = Debug|Win32
		{03558F98-27DE-45C6-8972-8C708FE04D60}.Release|GE vPC WEC7 SDK (x86).ActiveCfg = Release|GE vPC WEC7 SDK (x86)
		{03558F98-27DE-45C6-8972-8C708FE04D60}.Release|GE vPC WEC7 SDK (x86).Build.0 = Release|GE vPC WEC7 SDK (x86)
		{03558F98-27DE-45C6-8972-8C708FE04D60}.Release|Win32.ActiveCfg = Release|Win32
		{03558F98-27DE-45C6-8972-8C708FE04D60}.Release|Win32.Build.0 = Release|Win32
		{03558F98-27DE-45C6-8972-8C708FE04D60}.Static_Debug|GE vPC WEC7 SDK (x86).ActiveCfg = Debug|GE vPC WEC7 SDK (x86)
		{03558F98-27DE-45C6-8972-8C708FE04D60}.Static_Debug|GE vPC WEC7 SDK (x86).Build.0 = Debug|GE vPC WEC7 SDK (x86)
		{03558F98-27DE-45C6-8972-8C708FE04D60}.Static_Debug|GE vPC WEC7 SDK (x86).Deploy.0 = Debug|GE vPC WEC7 SDK (x86)
		{03558F98-27DE-45C6-8972-8C708FE04D60}.Static_Debug|Win32.ActiveCfg = Debug|Win32
		{03558F98-27DE-45C6-8972-8C708FE04D60}.Static_Debug|Win32.Build.0 = Debug|Win32
		{03558F98-27DE-45C6-8972-8C708FE04D60}.Static_Release|GE vPC WEC7 SDK (x86).ActiveCfg = Release|GE vPC WEC7 SDK (x86)
		{03558F98-27DE-45C6-8972-8C708FE04D60}.Static_Release|GE vPC WEC7 SDK (x86).Build.0 = Release|GE vPC WEC7 SDK (x86)
		{03558F98-27DE-45C6-8972-8C708FE04D60}.Static_Release|GE vPC WEC7 SDK (x86).Deploy.0 = Release|GE vPC WEC7 SDK (x86)
		{03558F98-27DE-45C6-8972-8C708FE04D60}.Static_Release|Win32.ActiveCfg = Release|Win32
		{03558F98-27DE-45C6-8972-8C708FE04D60}.Static_Release|Win32.Build.0 = Release|Win32
		{7C2AE35E-4E41-4BFA-A164-4C95BF8627DF}.Debug|GE vPC WEC7 SDK (x86).ActiveCfg = Debug|GE vPC WEC7 SDK (x86)
		{7C2AE35E-4E41-4BFA-A164-4C95BF8627DF}.Debug|GE vPC WEC7 SDK (x86).Build.0 = Debug|GE vPC WEC7 SDK (x86)
		{7C2AE35E-4E41-4BFA-A164-4C95BF8627DF}.Debug|GE vPC WEC7 SDK (x86).Deploy.0 = Debug|GE vPC WEC7 SDK (x86)
		{7C2AE35E-4E41-4BFA-A164-4C95BF8627DF}.Debug|Win32.ActiveCfg = Debug|GE vPC WEC7 SDK (x86)
		{7C2AE35E-4E41-4BFA-A164-4C95BF8627DF}.Release|GE vPC WEC7 SDK (x86).ActiveCfg = Release|GE vPC WEC7 SDK (x86)
		{7C2AE35E-4E41-4BFA-A164-4C95BF8627DF}.Release|GE vPC WEC7 SDK (x86).Build.0 = Release|GE vPC WEC7 SDK (x86)
		{7C2AE35E-4E41-4BFA-A164-4C95BF8627DF}.Release|GE vPC WEC7 SDK (x86).Deploy.0 = Release|GE vPC WEC7 SDK (x86)
		{7C2AE35E-4E41-4BFA-A164-4C95BF8627DF}.Release|Win32.ActiveCfg = Release|GE vPC WEC7 SDK (x86)
		{7C2AE35E-4E41-4BFA-A164-4C95BF8627DF}.Static_Debug|GE vPC WEC7 SDK (x86).ActiveCfg = Debug|GE vPC WEC7 SDK (x86)
		{7C2AE35E-4E41-4BFA-A164-4C95BF8627DF}.Static_Debug|GE vPC WEC7 SDK (x86).Build.0 = Debug|GE vPC WEC7 SDK (x86)
		{7C2AE35E-4E41-4BFA-A164-4C95BF8627DF}.Static_Debug|GE vPC WEC7 SDK (x86).Deploy.0 = Debug|GE vPC WEC7 SDK (x86)
		{7C2AE35E-4E41-4BFA-A164-4C95BF8627DF}.Static_Debug|Win32.ActiveCfg = Debug|GE vPC WEC7 SDK (x86)
		{7C2AE35E-4E41-4BFA-A164-4C95BF8627DF}.Static_Release|GE vPC WEC7 SDK (x86).ActiveCfg = Release|GE vPC WEC7 SDK (x86)
		{7C2AE35E-4E41-4BFA-A164-4C95BF8627DF}.Static_Release|GE vPC WEC7 SDK (x86).Build.0 = Release|GE vPC WEC7 SDK (x86)
		{7C2AE35E-4E41-4BFA-A164-4C95BF8627DF}.Static_Release|GE vPC WEC7 SDK (x86).Deploy.0 = Release|GE vPC WEC7 SDK (x86)
		{7C2AE35E-4E41-4BFA-A164-4C95BF8627DF}.Static_Release|Win32.ActiveCfg = Release|GE vPC WEC7 SDK (x86)
	EndGlobalSection
	GlobalSection(SolutionProperties) = preSolution
		HideSolutionNode = FALSE
	EndGlobalSection
	GlobalSection(NestedProjects) = preSolution
		{78605D89-4D51-41AC-AFE2-061B4CAB81F1} = {5F1D48EF-DE35-487F-A8E1-D7337DBA5241}
		{8E2F0B2E-2596-4010-BF4A-2F688975B5C1} = {5F1D48EF-DE35-487F-A8E1-D7337DBA5241}
		{B3E45009-C7C3-4090-837C-2D30C9058443} = {5F1D48EF-DE35-487F-A8E1-D7337DBA5241}
		{002FF064-588F-402E-A096-C8D033F49F40} = {5F1D48EF-DE35-487F-A8E1-D7337DBA5241}
		{AA46AF16-9678-4054-8E48-98DC21ECEC82} = {5F1D48EF-DE35-487F-A8E1-D7337DBA5241}
		{52814B0D-7DCA-45B8-9A16-8B147040D619} = {5F1D48EF-DE35-487F-A8E1-D7337DBA5241}
		{7522A458-92F4-4259-B906-E84C2A65D9F1} = {5F1D48EF-DE35-487F-A8E1-D7337DBA5241}
		{99B7D02F-8C70-4B45-AF3C-92313C3CEE15} = {5F1D48EF-DE35-487F-A8E1-D7337DBA5241}
		{6BC9B796-10C6-4CF7-A6E4-E2DACCDA84DA} = {5F1D48EF-DE35-487F-A8E1-D7337DBA5241}
		{E45DB518-6562-4033-80E8-60030F0B169F} = {5F1D48EF-DE35-487F-A8E1-D7337DBA5241}
	EndGlobalSection
EndGlobal
